
Microsoft Visual Studio Solution File, Format Version 12.00
# Visual Studio Version 16
VisualStudioVersion = 16.0.33801.447
MinimumVisualStudioVersion = 10.0.40219.1
Project("{FAE04EC0-301F-11D3-BF4B-00C04F79EFBC}") = "EmpRegisterForm", "EmpRegisterForm.csproj", "{5023DED7-1A48-4917-9222-D0022E43E8FE}"
EndProject
Global
	GlobalSection(SolutionConfigurationPlatforms) = preSolution
		Debug|Any CPU = Debug|Any CPU
		Release|Any CPU = Release|Any CPU
	EndGlobalSection
	GlobalSection(ProjectConfigurationPlatforms) = postSolution
		{5023DED7-1A48-4917-9222-D0022E43E8FE}.Debug|Any CPU.ActiveCfg = Debug|Any CPU
		{5023DED7-1A48-4917-9222-D0022E43E8FE}.Debug|Any CPU.Build.0 = Debug|Any CPU
		{5023DED7-1A48-4917-9222-D0022E43E8FE}.Release|Any CPU.ActiveCfg = Release|Any CPU
		{5023DED7-1A48-4917-9222-D0022E43E8FE}.Release|Any CPU.Build.0 = Release|Any CPU
	EndGlobalSection
	GlobalSection(SolutionProperties) = preSolution
		HideSolutionNode = FALSE
	EndGlobalSection
	GlobalSection(ExtensibilityGlobals) = postSolution
		SolutionGuid = {FF840505-7DE2-488B-8F52-3B40D2F24040}
	EndGlobalSection
EndGlobal
